
Microsoft Visual Studio Solution File, Format Version 12.00
# Visual Studio Version 16
VisualStudioVersion = 16.0.29201.188
MinimumVisualStudioVersion = 10.0.40219.1
Project("{FAE04EC0-301F-11D3-BF4B-00C04F79EFBC}") = "WindowsFormsApp1", "WindowsFormsApp1\WindowsFormsApp1.csproj", "{59C6D1F9-C366-4E22-83AC-86BFE900E940}"
EndProject
Global
	GlobalSection(SolutionConfigurationPlatforms) = preSolution
		Debug|Any CPU = Debug|Any CPU
		Release|Any CPU = Release|Any CPU
	EndGlobalSection
	GlobalSection(ProjectConfigurationPlatforms) = postSolution
		{59C6D1F9-C366-4E22-83AC-86BFE900E940}.Debug|Any CPU.ActiveCfg = Debug|Any CPU
		{59C6D1F9-C366-4E22-83AC-86BFE900E940}.Debug|Any CPU.Build.0 = Debug|Any CPU
		{59C6D1F9-C366-4E22-83AC-86BFE900E940}.Release|Any CPU.ActiveCfg = Release|Any CPU
		{59C6D1F9-C366-4E22-83AC-86BFE900E940}.Release|Any CPU.Build.0 = Release|Any CPU
	EndGlobalSection
	GlobalSection(SolutionProperties) = preSolution
		HideSolutionNode = FALSE
	EndGlobalSection
	GlobalSection(ExtensibilityGlobals) = postSolution
		SolutionGuid = {631987FE-1A59-480A-BBC6-564106F2E5FF}
	EndGlobalSection
EndGlobal
